
Microsoft Visual Studio Solution File, Format Version 12.00
# Visual Studio 14
VisualStudioVersion = 14.0.25420.1
MinimumVisualStudioVersion = 10.0.40219.1
Project("{FAE04EC0-301F-11D3-BF4B-00C04F79EFBC}") = "01. Melrah Shake", "01. Melrah Shake\01. Melrah Shake.csproj", "{351523E3-7494-4503-9C56-A39A21A2457B}"
EndProject
Project("{FAE04EC0-301F-11D3-BF4B-00C04F79EFBC}") = "03. Critical Breakpoint", "03. Critical Breakpoint\03. Critical Breakpoint.csproj", "{A443C07E-9B1C-48A7-8929-6A7273446C39}"
EndProject
Global
	GlobalSection(SolutionConfigurationPlatforms) = preSolution
		Debug|Any CPU = Debug|Any CPU
		Release|Any CPU = Release|Any CPU
	EndGlobalSection
	GlobalSection(ProjectConfigurationPlatforms) = postSolution
		{351523E3-7494-4503-9C56-A39A21A2457B}.Debug|Any CPU.ActiveCfg = Debug|Any CPU
		{351523E3-7494-4503-9C56-A39A21A2457B}.Debug|Any CPU.Build.0 = Debug|Any CPU
		{351523E3-7494-4503-9C56-A39A21A2457B}.Release|Any CPU.ActiveCfg = Release|Any CPU
		{351523E3-7494-4503-9C56-A39A21A2457B}.Release|Any CPU.Build.0 = Release|Any CPU
		{A443C07E-9B1C-48A7-8929-6A7273446C39}.Debug|Any CPU.ActiveCfg = Debug|Any CPU
		{A443C07E-9B1C-48A7-8929-6A7273446C39}.Debug|Any CPU.Build.0 = Debug|Any CPU
		{A443C07E-9B1C-48A7-8929-6A7273446C39}.Release|Any CPU.ActiveCfg = Release|Any CPU
		{A443C07E-9B1C-48A7-8929-6A7273446C39}.Release|Any CPU.Build.0 = Release|Any CPU
	EndGlobalSection
	GlobalSection(SolutionProperties) = preSolution
		HideSolutionNode = FALSE
	EndGlobalSection
EndGlobal
