
Microsoft Visual Studio Solution File, Format Version 12.00
# Visual Studio 14
VisualStudioVersion = 14.0.25420.1
MinimumVisualStudioVersion = 10.0.40219.1
Project("{FAE04EC0-301F-11D3-BF4B-00C04F79EFBC}") = "01. Sweet Dessert", "01. Sweet Dessert\01. Sweet Dessert.csproj", "{89415F6E-874E-49C3-A0DB-C6FE45C2116A}"
EndProject
Project("{FAE04EC0-301F-11D3-BF4B-00C04F79EFBC}") = "02. Array Manipulator", "02. Array Manipulator\02. Array Manipulator.csproj", "{6E533AD1-2338-4C3F-A2E1-208BA52B7218}"
EndProject
Project("{FAE04EC0-301F-11D3-BF4B-00C04F79EFBC}") = "03. Football League", "03. Football League\03. Football League.csproj", "{4F4AD123-CB80-49B2-B2BB-2445CD8423B7}"
EndProject
Project("{FAE04EC0-301F-11D3-BF4B-00C04F79EFBC}") = "04. Cubic Messages", "04. Cubic Messages\04. Cubic Messages.csproj", "{CFC0FCA3-E7B3-4751-9ACE-FFBF190972FA}"
EndProject
Global
	GlobalSection(SolutionConfigurationPlatforms) = preSolution
		Debug|Any CPU = Debug|Any CPU
		Release|Any CPU = Release|Any CPU
	EndGlobalSection
	GlobalSection(ProjectConfigurationPlatforms) = postSolution
		{89415F6E-874E-49C3-A0DB-C6FE45C2116A}.Debug|Any CPU.ActiveCfg = Debug|Any CPU
		{89415F6E-874E-49C3-A0DB-C6FE45C2116A}.Debug|Any CPU.Build.0 = Debug|Any CPU
		{89415F6E-874E-49C3-A0DB-C6FE45C2116A}.Release|Any CPU.ActiveCfg = Release|Any CPU
		{89415F6E-874E-49C3-A0DB-C6FE45C2116A}.Release|Any CPU.Build.0 = Release|Any CPU
		{6E533AD1-2338-4C3F-A2E1-208BA52B7218}.Debug|Any CPU.ActiveCfg = Debug|Any CPU
		{6E533AD1-2338-4C3F-A2E1-208BA52B7218}.Debug|Any CPU.Build.0 = Debug|Any CPU
		{6E533AD1-2338-4C3F-A2E1-208BA52B7218}.Release|Any CPU.ActiveCfg = Release|Any CPU
		{6E533AD1-2338-4C3F-A2E1-208BA52B7218}.Release|Any CPU.Build.0 = Release|Any CPU
		{4F4AD123-CB80-49B2-B2BB-2445CD8423B7}.Debug|Any CPU.ActiveCfg = Debug|Any CPU
		{4F4AD123-CB80-49B2-B2BB-2445CD8423B7}.Debug|Any CPU.Build.0 = Debug|Any CPU
		{4F4AD123-CB80-49B2-B2BB-2445CD8423B7}.Release|Any CPU.ActiveCfg = Release|Any CPU
		{4F4AD123-CB80-49B2-B2BB-2445CD8423B7}.Release|Any CPU.Build.0 = Release|Any CPU
		{CFC0FCA3-E7B3-4751-9ACE-FFBF190972FA}.Debug|Any CPU.ActiveCfg = Debug|Any CPU
		{CFC0FCA3-E7B3-4751-9ACE-FFBF190972FA}.Debug|Any CPU.Build.0 = Debug|Any CPU
		{CFC0FCA3-E7B3-4751-9ACE-FFBF190972FA}.Release|Any CPU.ActiveCfg = Release|Any CPU
		{CFC0FCA3-E7B3-4751-9ACE-FFBF190972FA}.Release|Any CPU.Build.0 = Release|Any CPU
	EndGlobalSection
	GlobalSection(SolutionProperties) = preSolution
		HideSolutionNode = FALSE
	EndGlobalSection
EndGlobal
