
Microsoft Visual Studio Solution File, Format Version 12.00
# Visual Studio 14
VisualStudioVersion = 14.0.25420.1
MinimumVisualStudioVersion = 10.0.40219.1
Project("{FAE04EC0-301F-11D3-BF4B-00C04F79EFBC}") = "01. Array Contains Element", "01. Array Contains Element\01. Array Contains Element.csproj", "{243AE1CE-C827-478F-BC56-5AEEC7D385A3}"
EndProject
Project("{FAE04EC0-301F-11D3-BF4B-00C04F79EFBC}") = "02. Smallest Element in Array", "02. Smallest Element in Array\02. Smallest Element in Array.csproj", "{46C249EE-11FD-4DCA-8BD8-9A91B5B603D3}"
EndProject
Project("{FAE04EC0-301F-11D3-BF4B-00C04F79EFBC}") = "03. Reverse Array In-place", "03. Reverse Array In-place\03. Reverse Array In-place.csproj", "{C2FD8EB8-FB2B-470A-8778-671D995260B6}"
EndProject
Project("{FAE04EC0-301F-11D3-BF4B-00C04F79EFBC}") = "04. Sort Array Using Bubble Sort", "04. Sort Array Using Bubble Sort\04. Sort Array Using Bubble Sort.csproj", "{D3F1656A-D152-42EC-9814-6B5E163D9427}"
EndProject
Project("{FAE04EC0-301F-11D3-BF4B-00C04F79EFBC}") = "07. Largest N Elements", "07. Largest N Elements\07. Largest N Elements.csproj", "{7AE17F52-95E2-43CF-A083-ECD32AB78697}"
EndProject
Global
	GlobalSection(SolutionConfigurationPlatforms) = preSolution
		Debug|Any CPU = Debug|Any CPU
		Release|Any CPU = Release|Any CPU
	EndGlobalSection
	GlobalSection(ProjectConfigurationPlatforms) = postSolution
		{243AE1CE-C827-478F-BC56-5AEEC7D385A3}.Debug|Any CPU.ActiveCfg = Debug|Any CPU
		{243AE1CE-C827-478F-BC56-5AEEC7D385A3}.Debug|Any CPU.Build.0 = Debug|Any CPU
		{243AE1CE-C827-478F-BC56-5AEEC7D385A3}.Release|Any CPU.ActiveCfg = Release|Any CPU
		{243AE1CE-C827-478F-BC56-5AEEC7D385A3}.Release|Any CPU.Build.0 = Release|Any CPU
		{46C249EE-11FD-4DCA-8BD8-9A91B5B603D3}.Debug|Any CPU.ActiveCfg = Debug|Any CPU
		{46C249EE-11FD-4DCA-8BD8-9A91B5B603D3}.Debug|Any CPU.Build.0 = Debug|Any CPU
		{46C249EE-11FD-4DCA-8BD8-9A91B5B603D3}.Release|Any CPU.ActiveCfg = Release|Any CPU
		{46C249EE-11FD-4DCA-8BD8-9A91B5B603D3}.Release|Any CPU.Build.0 = Release|Any CPU
		{C2FD8EB8-FB2B-470A-8778-671D995260B6}.Debug|Any CPU.ActiveCfg = Debug|Any CPU
		{C2FD8EB8-FB2B-470A-8778-671D995260B6}.Debug|Any CPU.Build.0 = Debug|Any CPU
		{C2FD8EB8-FB2B-470A-8778-671D995260B6}.Release|Any CPU.ActiveCfg = Release|Any CPU
		{C2FD8EB8-FB2B-470A-8778-671D995260B6}.Release|Any CPU.Build.0 = Release|Any CPU
		{D3F1656A-D152-42EC-9814-6B5E163D9427}.Debug|Any CPU.ActiveCfg = Debug|Any CPU
		{D3F1656A-D152-42EC-9814-6B5E163D9427}.Debug|Any CPU.Build.0 = Debug|Any CPU
		{D3F1656A-D152-42EC-9814-6B5E163D9427}.Release|Any CPU.ActiveCfg = Release|Any CPU
		{D3F1656A-D152-42EC-9814-6B5E163D9427}.Release|Any CPU.Build.0 = Release|Any CPU
		{7AE17F52-95E2-43CF-A083-ECD32AB78697}.Debug|Any CPU.ActiveCfg = Debug|Any CPU
		{7AE17F52-95E2-43CF-A083-ECD32AB78697}.Debug|Any CPU.Build.0 = Debug|Any CPU
		{7AE17F52-95E2-43CF-A083-ECD32AB78697}.Release|Any CPU.ActiveCfg = Release|Any CPU
		{7AE17F52-95E2-43CF-A083-ECD32AB78697}.Release|Any CPU.Build.0 = Release|Any CPU
	EndGlobalSection
	GlobalSection(SolutionProperties) = preSolution
		HideSolutionNode = FALSE
	EndGlobalSection
EndGlobal
